
Microsoft Visual Studio Solution File, Format Version 12.00
# Visual Studio Version 17
VisualStudioVersion = 17.1.32210.238
MinimumVisualStudioVersion = 10.0.40219.1
Project("{8BC9CEB8-8B4A-11D0-8D11-00A0C91BC942}") = "D3D11", "D3D11\D3D11.vcxproj", "{D879FCFA-2C4E-4521-973F-99F2FE935508}"
EndProject
Global
	GlobalSection(SolutionConfigurationPlatforms) = preSolution
		Debug|Win32 = Debug|Win32
		Debug|x64 = Debug|x64
		Release|Win32 = Release|Win32
		Release|x64 = Release|x64
	EndGlobalSection
	GlobalSection(ProjectConfigurationPlatforms) = postSolution
		{D879FCFA-2C4E-4521-973F-99F2FE935508}.Debug|Win32.ActiveCfg = Debug|Win32
		{D879FCFA-2C4E-4521-973F-99F2FE935508}.Debug|Win32.Build.0 = Debug|Win32
		{D879FCFA-2C4E-4521-973F-99F2FE935508}.Debug|x64.ActiveCfg = Debug|x64
		{D879FCFA-2C4E-4521-973F-99F2FE935508}.Debug|x64.Build.0 = Debug|x64
		{D879FCFA-2C4E-4521-973F-99F2FE935508}.Release|Win32.ActiveCfg = Release|Win32
		{D879FCFA-2C4E-4521-973F-99F2FE935508}.Release|Win32.Build.0 = Release|Win32
		{D879FCFA-2C4E-4521-973F-99F2FE935508}.Release|x64.ActiveCfg = Release|x64
		{D879FCFA-2C4E-4521-973F-99F2FE935508}.Release|x64.Build.0 = Release|x64
		{D879FCFA-2C4E-4521-973F-99F2FE935508}.Release|x64.Deploy.0 = Release|x64
	EndGlobalSection
	GlobalSection(SolutionProperties) = preSolution
		HideSolutionNode = FALSE
	EndGlobalSection
	GlobalSection(ExtensibilityGlobals) = postSolution
		SolutionGuid = {2ADEE231-7252-43D1-9279-32614990160D}
	EndGlobalSection
EndGlobal
